
Microsoft Visual Studio Solution File, Format Version 12.00
# Visual Studio Version 16
VisualStudioVersion = 16.0.28822.285
MinimumVisualStudioVersion = 10.0.40219.1
Project("{FAE04EC0-301F-11D3-BF4B-00C04F79EFBC}") = "lab10", "lab10.csproj", "{F0575177-362D-4469-989E-55180C71FDAB}"
EndProject
Global
	GlobalSection(SolutionConfigurationPlatforms) = preSolution
		Debug|Any CPU = Debug|Any CPU
		Release|Any CPU = Release|Any CPU
	EndGlobalSection
	GlobalSection(ProjectConfigurationPlatforms) = postSolution
		{F0575177-362D-4469-989E-55180C71FDAB}.Debug|Any CPU.ActiveCfg = Debug|Any CPU
		{F0575177-362D-4469-989E-55180C71FDAB}.Debug|Any CPU.Build.0 = Debug|Any CPU
		{F0575177-362D-4469-989E-55180C71FDAB}.Release|Any CPU.ActiveCfg = Release|Any CPU
		{F0575177-362D-4469-989E-55180C71FDAB}.Release|Any CPU.Build.0 = Release|Any CPU
	EndGlobalSection
	GlobalSection(SolutionProperties) = preSolution
		HideSolutionNode = FALSE
	EndGlobalSection
	GlobalSection(ExtensibilityGlobals) = postSolution
		SolutionGuid = {F67ABD23-6F23-436D-94C7-4521E98C3445}
	EndGlobalSection
EndGlobal
